{
  "version": 4,
  "terraform_version": "1.8.3",
  "serial": 36,
  "lineage": "652b3a34-b8ee-87ff-c455-4ff7c6d762b2",
  "outputs": {},
  "resources": [
    {
      "mode": "managed",
      "type": "azurerm_virtual_network",
      "name": "vnetA",
      "provider": "provider[\"registry.terraform.io/hashicorp/azurerm\"]",
      "instances": [
        {
          "schema_version": 0,
          "attributes": {
            "address_space": [
              "10.0.0.0/23"
            ],
            "bgp_community": "",
            "ddos_protection_plan": [],
            "dns_servers": [],
            "edge_zone": "",
            "flow_timeout_in_minutes": 0,
            "guid": "9a847b89-70ab-4789-82a7-075d71dc50eb",
            "id": "/subscriptions/4fccffeb-a548-4bb4-a245-65bcf6e704a9/resourceGroups/Test1/providers/Microsoft.Network/virtualNetworks/vnetA",
            "location": "westeurope",
            "name": "vnetA",
            "resource_group_name": "Test1",
            "subnet": [
              {
                "address_prefix": "10.0.0.0/24",
                "id": "/subscriptions/4fccffeb-a548-4bb4-a245-65bcf6e704a9/resourceGroups/Test1/providers/Microsoft.Network/virtualNetworks/vnetA/subnets/subnetA",
                "name": "subnetA",
                "security_group": ""
              }
            ],
            "tags": {},
            "timeouts": null
          },
          "sensitive_attributes": [],
          "private": "eyJlMmJmYjczMC1lY2FhLTExZTYtOGY4OC0zNDM2M2JjN2M0YzAiOnsiY3JlYXRlIjoxODAwMDAwMDAwMDAwLCJkZWxldGUiOjE4MDAwMDAwMDAwMDAsInJlYWQiOjMwMDAwMDAwMDAwMCwidXBkYXRlIjoxODAwMDAwMDAwMDAwfX0="
        }
      ]
    }
  ],
  "check_results": null
}
